
Microsoft Visual Studio Solution File, Format Version 12.00
# Visual Studio Version 17
VisualStudioVersion = 17.13.35919.96
MinimumVisualStudioVersion = 10.0.40219.1
Project("{FAE04EC0-301F-11D3-BF4B-00C04F79EFBC}") = "StudentCourseEnrollments", "StudentCourseEnrollments.csproj", "{ABF1FFE3-B616-427A-8F66-E655D3D7D929}"
EndProject
Project("{FAE04EC0-301F-11D3-BF4B-00C04F79EFBC}") = "StudentEnrollmentAPI", "..\StudentEnrollmentAPI\StudentEnrollmentAPI.csproj", "{E84E9174-DFA3-4EEC-8BFD-1F4346EFC2C7}"
EndProject
Project("{FAE04EC0-301F-11D3-BF4B-00C04F79EFBC}") = "MIDTIER", "..\StudentEnrollmentModels\MIDTIER.csproj", "{D4CDC10E-7F69-445D-ADDC-AF9A0868BCE4}"
EndProject
Global
	GlobalSection(SolutionConfigurationPlatforms) = preSolution
		Debug|Any CPU = Debug|Any CPU
		Release|Any CPU = Release|Any CPU
	EndGlobalSection
	GlobalSection(ProjectConfigurationPlatforms) = postSolution
		{ABF1FFE3-B616-427A-8F66-E655D3D7D929}.Debug|Any CPU.ActiveCfg = Debug|Any CPU
		{ABF1FFE3-B616-427A-8F66-E655D3D7D929}.Debug|Any CPU.Build.0 = Debug|Any CPU
		{ABF1FFE3-B616-427A-8F66-E655D3D7D929}.Release|Any CPU.ActiveCfg = Release|Any CPU
		{ABF1FFE3-B616-427A-8F66-E655D3D7D929}.Release|Any CPU.Build.0 = Release|Any CPU
		{E84E9174-DFA3-4EEC-8BFD-1F4346EFC2C7}.Debug|Any CPU.ActiveCfg = Debug|Any CPU
		{E84E9174-DFA3-4EEC-8BFD-1F4346EFC2C7}.Debug|Any CPU.Build.0 = Debug|Any CPU
		{E84E9174-DFA3-4EEC-8BFD-1F4346EFC2C7}.Release|Any CPU.ActiveCfg = Release|Any CPU
		{E84E9174-DFA3-4EEC-8BFD-1F4346EFC2C7}.Release|Any CPU.Build.0 = Release|Any CPU
		{D4CDC10E-7F69-445D-ADDC-AF9A0868BCE4}.Debug|Any CPU.ActiveCfg = Debug|Any CPU
		{D4CDC10E-7F69-445D-ADDC-AF9A0868BCE4}.Debug|Any CPU.Build.0 = Debug|Any CPU
		{D4CDC10E-7F69-445D-ADDC-AF9A0868BCE4}.Release|Any CPU.ActiveCfg = Release|Any CPU
		{D4CDC10E-7F69-445D-ADDC-AF9A0868BCE4}.Release|Any CPU.Build.0 = Release|Any CPU
	EndGlobalSection
	GlobalSection(SolutionProperties) = preSolution
		HideSolutionNode = FALSE
	EndGlobalSection
	GlobalSection(ExtensibilityGlobals) = postSolution
		SolutionGuid = {0AF48959-31CB-459E-B7B6-DBBDB18A5E66}
	EndGlobalSection
EndGlobal
